{
  "version": 4,
  "terraform_version": "0.12.10",
  "serial": 14,
  "lineage": "6971cd49-1abd-ea37-c618-f10965fa0581",
  "outputs": {},
  "resources": [
    {
      "mode": "data",
      "type": "aws_caller_identity",
      "name": "current",
      "provider": "provider.aws",
      "instances": [
        {
          "schema_version": 0,
          "attributes": {
            "account_id": "473293451041",
            "arn": "arn:aws:iam::473293451041:user/zjaupaj@mobiquityinc.com",
            "id": "2019-10-11 11:23:54.226327 +0000 UTC",
            "user_id": "AIDAW4MT454Q26IY47S3I"
          }
        }
      ]
    },
    {
      "mode": "data",
      "type": "aws_region",
      "name": "current",
      "provider": "provider.aws",
      "instances": [
        {
          "schema_version": 0,
          "attributes": {
            "current": null,
            "description": "EU (Ireland)",
            "endpoint": "ec2.eu-west-1.amazonaws.com",
            "id": "eu-west-1",
            "name": "eu-west-1"
          }
        }
      ]
    },
    {
      "mode": "managed",
      "type": "aws_codebuild_project",
      "name": "app_pipeline_build",
      "provider": "provider.aws",
      "instances": [
        {
          "schema_version": 0,
          "attributes": {
            "arn": "arn:aws:codebuild:eu-west-1:473293451041:project/app-pipeline-build-eu-west-1",
            "artifacts": [
              {
                "artifact_identifier": "",
                "encryption_disabled": false,
                "location": "",
                "name": "app-pipeline-build-eu-west-1",
                "namespace_type": "",
                "override_artifact_name": false,
                "packaging": "NONE",
                "path": "",
                "type": "CODEPIPELINE"
              }
            ],
            "badge_enabled": false,
            "badge_url": "",
            "build_timeout": 5,
            "cache": [
              {
                "location": "",
                "modes": [],
                "type": "NO_CACHE"
              }
            ],
            "description": "The CodeBuild project for repo",
            "encryption_key": "arn:aws:kms:eu-west-1:473293451041:alias/aws/s3",
            "environment": [
              {
                "certificate": "",
                "compute_type": "BUILD_GENERAL1_SMALL",
                "environment_variable": [],
                "image": "aws/codebuild/standard:2.0",
                "image_pull_credentials_type": "CODEBUILD",
                "privileged_mode": false,
                "registry_credential": [],
                "type": "LINUX_CONTAINER"
              }
            ],
            "id": "arn:aws:codebuild:eu-west-1:473293451041:project/app-pipeline-build-eu-west-1",
            "logs_config": [
              {
                "cloudwatch_logs": [
                  {
                    "group_name": "",
                    "status": "ENABLED",
                    "stream_name": ""
                  }
                ],
                "s3_logs": [
                  {
                    "encryption_disabled": false,
                    "location": "",
                    "status": "DISABLED"
                  }
                ]
              }
            ],
            "name": "app-pipeline-build-eu-west-1",
            "secondary_artifacts": [],
            "secondary_sources": [],
            "service_role": "arn:aws:iam::473293451041:role/terraform-20191011105700627400000003",
            "source": [
              {
                "auth": [],
                "buildspec": "buildspec.yml",
                "git_clone_depth": 0,
                "insecure_ssl": false,
                "location": "",
                "report_build_status": false,
                "type": "CODEPIPELINE"
              }
            ],
            "tags": {
              "Email": "zamira.jauapj@gmail.com",
              "Name": "Deploy Serverless Application using CI-CD",
              "Owner": "Zamira Jaupaj"
            },
            "vpc_config": []
          },
          "private": "bnVsbA==",
          "depends_on": [
            "aws_iam_role.app_deployment_codebuild",
            "data.aws_region.current"
          ]
        }
      ]
    },
    {
      "mode": "managed",
      "type": "aws_codecommit_repository",
      "name": "app_deployment_repo",
      "provider": "provider.aws",
      "instances": [
        {
          "schema_version": 0,
          "attributes": {
            "arn": "arn:aws:codecommit:eu-west-1:473293451041:app-deployment-repo-eu-west-1",
            "clone_url_http": "https://git-codecommit.eu-west-1.amazonaws.com/v1/repos/app-deployment-repo-eu-west-1",
            "clone_url_ssh": "ssh://git-codecommit.eu-west-1.amazonaws.com/v1/repos/app-deployment-repo-eu-west-1",
            "default_branch": null,
            "description": "This is the Sample App Repository to deploy SAM Application",
            "id": "app-deployment-repo-eu-west-1",
            "repository_id": "6ec8f212-f35b-425b-86e9-bb3cf071b144",
            "repository_name": "app-deployment-repo-eu-west-1",
            "tags": {
              "Email": "zamira.jauapj@gmail.com",
              "Name": "Deploy Serverless Application using CI-CD",
              "Owner": "Zamira Jaupaj"
            }
          },
          "private": "bnVsbA==",
          "depends_on": [
            "data.aws_region.current"
          ]
        }
      ]
    },
    {
      "mode": "managed",
      "type": "aws_codepipeline",
      "name": "app_deployment_pipeline",
      "provider": "provider.aws",
      "instances": [
        {
          "schema_version": 0,
          "attributes": {
            "arn": "arn:aws:codepipeline:eu-west-1:473293451041:app_deployment_pipeline",
            "artifact_store": [
              {
                "encryption_key": [],
                "location": "app-deployment-artifacts-eu-west-1",
                "type": "S3"
              }
            ],
            "id": "app_deployment_pipeline",
            "name": "app_deployment_pipeline",
            "role_arn": "arn:aws:iam::473293451041:role/terraform-20191011105700627100000001",
            "stage": [
              {
                "action": [
                  {
                    "category": "Source",
                    "configuration": {
                      "BranchName": "master",
                      "RepositoryName": "app-deployment-repo-eu-west-1"
                    },
                    "input_artifacts": [],
                    "name": "Source",
                    "output_artifacts": [
                      "SourceArtifact"
                    ],
                    "owner": "AWS",
                    "provider": "CodeCommit",
                    "role_arn": "",
                    "run_order": 1,
                    "version": "1"
                  }
                ],
                "name": "Source"
              },
              {
                "action": [
                  {
                    "category": "Build",
                    "configuration": {
                      "ProjectName": "app-pipeline-build-eu-west-1"
                    },
                    "input_artifacts": [
                      "SourceArtifact"
                    ],
                    "name": "Build",
                    "output_artifacts": [
                      "BuildArtifact"
                    ],
                    "owner": "AWS",
                    "provider": "CodeBuild",
                    "role_arn": "",
                    "run_order": 1,
                    "version": "1"
                  }
                ],
                "name": "Build"
              },
              {
                "action": [
                  {
                    "category": "Deploy",
                    "configuration": {
                      "ActionMode": "CHANGE_SET_REPLACE",
                      "Capabilities": "CAPABILITY_IAM",
                      "ChangeSetName": "app-pipeline-changeset",
                      "RoleArn": "arn:aws:iam::473293451041:role/terraform-20191011105700627300000002",
                      "StackName": "app-pipeline-stack-eu-west-1",
                      "TemplatePath": "BuildArtifact::outputtemplate.yml"
                    },
                    "input_artifacts": [
                      "BuildArtifact"
                    ],
                    "name": "Deploy",
                    "output_artifacts": [],
                    "owner": "AWS",
                    "provider": "CloudFormation",
                    "role_arn": "",
                    "run_order": 1,
                    "version": "1"
                  }
                ],
                "name": "Deploy"
              },
              {
                "action": [
                  {
                    "category": "Deploy",
                    "configuration": {
                      "ActionMode": "CHANGE_SET_EXECUTE",
                      "ChangeSetName": "app-pipeline-changeset",
                      "StackName": "app-pipeline-stack-eu-west-1"
                    },
                    "input_artifacts": [
                      "BuildArtifact"
                    ],
                    "name": "execute-changeset",
                    "output_artifacts": [],
                    "owner": "AWS",
                    "provider": "CloudFormation",
                    "role_arn": "",
                    "run_order": 1,
                    "version": "1"
                  }
                ],
                "name": "execute-changeset"
              }
            ],
            "tags": {
              "Email": "zamira.jauapj@gmail.com",
              "Name": "Deploy Serverless Application using CI-CD",
              "Owner": "Zamira Jaupaj"
            }
          },
          "private": "bnVsbA==",
          "depends_on": [
            "aws_codebuild_project.app_pipeline_build",
            "aws_iam_role.app_deployment_cloudformation",
            "aws_iam_role.app_deployment_pipeline",
            "aws_s3_bucket.app_deployment_artifacts",
            "data.aws_region.current"
          ]
        }
      ]
    },
    {
      "mode": "managed",
      "type": "aws_iam_role",
      "name": "app_deployment_cloudformation",
      "provider": "provider.aws",
      "instances": [
        {
          "schema_version": 0,
          "attributes": {
            "arn": "arn:aws:iam::473293451041:role/terraform-20191011105700627300000002",
            "assume_role_policy": "{\"Version\":\"2012-10-17\",\"Statement\":[{\"Sid\":\"\",\"Effect\":\"Allow\",\"Principal\":{\"Service\":\"cloudformation.amazonaws.com\"},\"Action\":\"sts:AssumeRole\"}]}",
            "create_date": "2019-10-11T10:57:01Z",
            "description": "",
            "force_detach_policies": false,
            "id": "terraform-20191011105700627300000002",
            "max_session_duration": 3600,
            "name": "terraform-20191011105700627300000002",
            "name_prefix": null,
            "path": "/",
            "permissions_boundary": null,
            "tags": {},
            "unique_id": "AROAW4MT454Q4JDFZCY2N"
          },
          "private": "bnVsbA=="
        }
      ]
    },
    {
      "mode": "managed",
      "type": "aws_iam_role",
      "name": "app_deployment_codebuild",
      "provider": "provider.aws",
      "instances": [
        {
          "schema_version": 0,
          "attributes": {
            "arn": "arn:aws:iam::473293451041:role/terraform-20191011105700627400000003",
            "assume_role_policy": "{\"Version\":\"2012-10-17\",\"Statement\":[{\"Sid\":\"\",\"Effect\":\"Allow\",\"Principal\":{\"Service\":\"codebuild.amazonaws.com\"},\"Action\":\"sts:AssumeRole\"}]}",
            "create_date": "2019-10-11T10:57:01Z",
            "description": "",
            "force_detach_policies": false,
            "id": "terraform-20191011105700627400000003",
            "max_session_duration": 3600,
            "name": "terraform-20191011105700627400000003",
            "name_prefix": null,
            "path": "/",
            "permissions_boundary": null,
            "tags": {},
            "unique_id": "AROAW4MT454QRTAXF4VQF"
          },
          "private": "bnVsbA=="
        }
      ]
    },
    {
      "mode": "managed",
      "type": "aws_iam_role",
      "name": "app_deployment_pipeline",
      "provider": "provider.aws",
      "instances": [
        {
          "schema_version": 0,
          "attributes": {
            "arn": "arn:aws:iam::473293451041:role/terraform-20191011105700627100000001",
            "assume_role_policy": "{\"Version\":\"2012-10-17\",\"Statement\":[{\"Effect\":\"Allow\",\"Principal\":{\"Service\":\"codepipeline.amazonaws.com\"},\"Action\":\"sts:AssumeRole\"}]}",
            "create_date": "2019-10-11T10:57:01Z",
            "description": "",
            "force_detach_policies": false,
            "id": "terraform-20191011105700627100000001",
            "max_session_duration": 3600,
            "name": "terraform-20191011105700627100000001",
            "name_prefix": null,
            "path": "/",
            "permissions_boundary": null,
            "tags": {},
            "unique_id": "AROAW4MT454Q23YBXRD6P"
          },
          "private": "bnVsbA=="
        }
      ]
    },
    {
      "mode": "managed",
      "type": "aws_iam_role_policy",
      "name": "app_deployment_cloudformation",
      "provider": "provider.aws",
      "instances": [
        {
          "schema_version": 0,
          "attributes": {
            "id": "terraform-20191011105700627300000002:CloudwatchPolicy",
            "name": "CloudwatchPolicy",
            "name_prefix": null,
            "policy": "{\n    \"Statement\": [\n        {\n            \"Action\": [\n                \"apigateway:*\",\n                \"codedeploy:*\",\n                \"lambda:*\",\n                \"cloudformation:CreateChangeSet\",\n                \"iam:GetRole\",\n                \"iam:CreateRole\",\n                \"iam:DeleteRole\",\n                \"iam:PutRolePolicy\",\n                \"iam:AttachRolePolicy\",\n                \"iam:DeleteRolePolicy\",\n                \"iam:DetachRolePolicy\",\n                \"iam:PassRole\",\n                \"s3:GetObjectVersion\",\n                \"s3:GetBucketVersioning\",\n                \"s3:GetObject\",\n                \"s3:PutObject\",\n                \"logs:*\",\n                \"dynamodb:*\"\n                \n            ],\n            \"Resource\": \"*\",\n            \"Effect\": \"Allow\"\n        }\n    ],\n    \"Version\": \"2012-10-17\"\n}\n",
            "role": "terraform-20191011105700627300000002"
          },
          "private": "bnVsbA==",
          "depends_on": [
            "aws_iam_role.app_deployment_cloudformation"
          ]
        }
      ]
    },
    {
      "mode": "managed",
      "type": "aws_iam_role_policy",
      "name": "app_deployment_codebuild",
      "provider": "provider.aws",
      "instances": [
        {
          "schema_version": 0,
          "attributes": {
            "id": "terraform-20191011105700627400000003:app-deployment-codebuild",
            "name": "app-deployment-codebuild",
            "name_prefix": null,
            "policy": "{\n    \"Version\": \"2012-10-17\",\n    \"Statement\": [\n        {\n            \"Effect\": \"Allow\",\n            \"Resource\": [\n                \"*\"\n            ],\n            \"Action\": [\n                \"logs:CreateLogGroup\",\n                \"logs:CreateLogStream\",\n                \"logs:PutLogEvents\"\n            ]\n        },\n        {\n            \"Effect\": \"Allow\",\n            \"Resource\": [\n                \"arn:aws:s3:::*\"\n            ],\n            \"Action\": [\n                \"s3:*\"\n                \n            ]\n        },\n        {\n            \"Effect\": \"Allow\",\n            \"Resource\": [\n                \"arn:aws:s3:::*\"\n            ],\n            \"Action\": [\n                \"s3:PutObject\",\n                \"s3:GetObject\",\n                \"s3:GetObjectVersion\",\n                \"s3:GetBucketAcl\",\n                \"s3:GetBucketLocation\"\n            ]\n        }\n    ]\n}\n",
            "role": "terraform-20191011105700627400000003"
          },
          "private": "bnVsbA==",
          "depends_on": [
            "aws_iam_role.app_deployment_codebuild"
          ]
        }
      ]
    },
    {
      "mode": "managed",
      "type": "aws_iam_role_policy",
      "name": "app_deployment_pipeline",
      "provider": "provider.aws",
      "instances": [
        {
          "schema_version": 0,
          "attributes": {
            "id": "terraform-20191011105700627100000001:app_deployment_pipeline",
            "name": "app_deployment_pipeline",
            "name_prefix": null,
            "policy": "{\n    \"Statement\": [\n        {\n            \"Action\": [\n                \"iam:PassRole\"\n            ],\n            \"Resource\": \"*\",\n            \"Effect\": \"Allow\",\n            \"Condition\": {\n                \"StringEqualsIfExists\": {\n                    \"iam:PassedToService\": [\n                        \"cloudformation.amazonaws.com\",\n                        \"elasticbeanstalk.amazonaws.com\",\n                        \"ec2.amazonaws.com\",\n                        \"ecs-tasks.amazonaws.com\"\n                    ]\n                }\n            }\n        },\n        {\n            \"Action\": [\n                \"codecommit:CancelUploadArchive\",\n                \"codecommit:GetBranch\",\n                \"codecommit:GetCommit\",\n                \"codecommit:GetUploadArchiveStatus\",\n                \"codecommit:UploadArchive\"\n            ],\n            \"Resource\": \"*\",\n            \"Effect\": \"Allow\"\n        },\n        {\n            \"Action\": [\n                \"codedeploy:CreateDeployment\",\n                \"codedeploy:GetApplication\",\n                \"codedeploy:GetApplicationRevision\",\n                \"codedeploy:GetDeployment\",\n                \"codedeploy:GetDeploymentConfig\",\n                \"codedeploy:RegisterApplicationRevision\"\n            ],\n            \"Resource\": \"*\",\n            \"Effect\": \"Allow\"\n        },\n        {\n            \"Action\": [\n                \"elasticbeanstalk:*\",\n                \"ec2:*\",\n                \"elasticloadbalancing:*\",\n                \"autoscaling:*\",\n                \"cloudwatch:*\",\n                \"s3:*\",\n                \"sns:*\",\n                \"cloudformation:*\",\n                \"rds:*\",\n                \"sqs:*\",\n                \"ecs:*\"\n            ],\n            \"Resource\": \"*\",\n            \"Effect\": \"Allow\"\n        },\n        {\n            \"Action\": [\n                \"lambda:InvokeFunction\",\n                \"lambda:ListFunctions\"\n            ],\n            \"Resource\": \"*\",\n            \"Effect\": \"Allow\"\n        },\n        {\n            \"Action\": [\n                \"opsworks:CreateDeployment\",\n                \"opsworks:DescribeApps\",\n                \"opsworks:DescribeCommands\",\n                \"opsworks:DescribeDeployments\",\n                \"opsworks:DescribeInstances\",\n                \"opsworks:DescribeStacks\",\n                \"opsworks:UpdateApp\",\n                \"opsworks:UpdateStack\"\n            ],\n            \"Resource\": \"*\",\n            \"Effect\": \"Allow\"\n        },\n        {\n            \"Action\": [\n                \"cloudformation:CreateStack\",\n                \"cloudformation:DeleteStack\",\n                \"cloudformation:DescribeStacks\",\n                \"cloudformation:UpdateStack\",\n                \"cloudformation:CreateChangeSet\",\n                \"cloudformation:DeleteChangeSet\",\n                \"cloudformation:DescribeChangeSet\",\n                \"cloudformation:ExecuteChangeSet\",\n                \"cloudformation:SetStackPolicy\",\n                \"cloudformation:ValidateTemplate\"\n            ],\n            \"Resource\": \"*\",\n            \"Effect\": \"Allow\"\n        },\n        {\n            \"Action\": [\n                \"codebuild:BatchGetBuilds\",\n                \"codebuild:StartBuild\"\n            ],\n            \"Resource\": \"*\",\n            \"Effect\": \"Allow\"\n        },\n        {\n            \"Effect\": \"Allow\",\n            \"Action\": [\n                \"devicefarm:ListProjects\",\n                \"devicefarm:ListDevicePools\",\n                \"devicefarm:GetRun\",\n                \"devicefarm:GetUpload\",\n                \"devicefarm:CreateUpload\",\n                \"devicefarm:ScheduleRun\"\n            ],\n            \"Resource\": \"*\"\n        },\n        {\n            \"Effect\": \"Allow\",\n            \"Action\": [\n                \"servicecatalog:ListProvisioningArtifacts\",\n                \"servicecatalog:CreateProvisioningArtifact\",\n                \"servicecatalog:DescribeProvisioningArtifact\",\n                \"servicecatalog:DeleteProvisioningArtifact\",\n                \"servicecatalog:UpdateProduct\"\n            ],\n            \"Resource\": \"*\"\n        },\n        {\n            \"Effect\": \"Allow\",\n            \"Action\": [\n                \"cloudformation:ValidateTemplate\"\n            ],\n            \"Resource\": \"*\"\n        },\n        {\n            \"Effect\": \"Allow\",\n            \"Action\": [\n                \"ecr:DescribeImages\"\n            ],\n            \"Resource\": \"*\"\n        }\n    ],\n    \"Version\": \"2012-10-17\"\n}\n\n",
            "role": "terraform-20191011105700627100000001"
          },
          "private": "bnVsbA==",
          "depends_on": [
            "aws_iam_role.app_deployment_pipeline"
          ]
        }
      ]
    },
    {
      "mode": "managed",
      "type": "aws_s3_bucket",
      "name": "app_deployment_artifacts",
      "provider": "provider.aws",
      "instances": [
        {
          "schema_version": 0,
          "attributes": {
            "acceleration_status": "",
            "acl": "private",
            "arn": "arn:aws:s3:::app-deployment-artifacts-eu-west-1",
            "bucket": "app-deployment-artifacts-eu-west-1",
            "bucket_domain_name": "app-deployment-artifacts-eu-west-1.s3.amazonaws.com",
            "bucket_prefix": null,
            "bucket_regional_domain_name": "app-deployment-artifacts-eu-west-1.s3.eu-west-1.amazonaws.com",
            "cors_rule": [],
            "force_destroy": true,
            "hosted_zone_id": "Z1BKCTXD74EZPE",
            "id": "app-deployment-artifacts-eu-west-1",
            "lifecycle_rule": [],
            "logging": [],
            "object_lock_configuration": [],
            "policy": null,
            "region": "eu-west-1",
            "replication_configuration": [],
            "request_payer": "BucketOwner",
            "server_side_encryption_configuration": [],
            "tags": {
              "Email": "zamira.jauapj@gmail.com",
              "Name": "Deploy Serverless Application using CI-CD",
              "Owner": "Zamira Jaupaj"
            },
            "versioning": [
              {
                "enabled": false,
                "mfa_delete": false
              }
            ],
            "website": [],
            "website_domain": null,
            "website_endpoint": null
          },
          "private": "bnVsbA==",
          "depends_on": [
            "data.aws_region.current"
          ]
        }
      ]
    },
    {
      "mode": "managed",
      "type": "aws_sns_topic",
      "name": "app_deployment_artifacts",
      "provider": "provider.aws",
      "instances": [
        {
          "schema_version": 0,
          "attributes": {
            "application_failure_feedback_role_arn": "",
            "application_success_feedback_role_arn": "",
            "application_success_feedback_sample_rate": 0,
            "arn": "arn:aws:sns:eu-west-1:473293451041:app-deployment-notification-eu-west-1",
            "delivery_policy": "",
            "display_name": "",
            "http_failure_feedback_role_arn": "",
            "http_success_feedback_role_arn": "",
            "http_success_feedback_sample_rate": 0,
            "id": "arn:aws:sns:eu-west-1:473293451041:app-deployment-notification-eu-west-1",
            "kms_master_key_id": "",
            "lambda_failure_feedback_role_arn": "",
            "lambda_success_feedback_role_arn": "",
            "lambda_success_feedback_sample_rate": 0,
            "name": "app-deployment-notification-eu-west-1",
            "name_prefix": null,
            "policy": "{\"Version\":\"2008-10-17\",\"Id\":\"__default_policy_ID\",\"Statement\":[{\"Sid\":\"__default_statement_ID\",\"Effect\":\"Allow\",\"Principal\":{\"AWS\":\"*\"},\"Action\":[\"SNS:GetTopicAttributes\",\"SNS:SetTopicAttributes\",\"SNS:AddPermission\",\"SNS:RemovePermission\",\"SNS:DeleteTopic\",\"SNS:Subscribe\",\"SNS:ListSubscriptionsByTopic\",\"SNS:Publish\",\"SNS:Receive\"],\"Resource\":\"arn:aws:sns:eu-west-1:473293451041:app-deployment-notification-eu-west-1\",\"Condition\":{\"StringEquals\":{\"AWS:SourceOwner\":\"473293451041\"}}}]}",
            "sqs_failure_feedback_role_arn": "",
            "sqs_success_feedback_role_arn": "",
            "sqs_success_feedback_sample_rate": 0,
            "tags": {
              "Email": "zamira.jauapj@gmail.com",
              "Name": "Deploy Serverless Application using CI-CD",
              "Owner": "Zamira Jaupaj"
            }
          },
          "private": "bnVsbA==",
          "depends_on": [
            "data.aws_region.current"
          ]
        }
      ]
    }
  ]
}
